// !$*UTF8*$!
{
	archiveVersion = 1;
	classes = {
	};
	objectVersion = 56;
	objects = {

/* Begin PBXBuildFile section */
		6C53B9482A08E5C300F77D37 /* AppDelegate.swift in Sources */ = {isa = PBXBuildFile; fileRef = 6C53B9472A08E5C300F77D37 /* AppDelegate.swift */; };
		6C53B94A2A08E5C300F77D37 /* SceneDelegate.swift in Sources */ = {isa = PBXBuildFile; fileRef = 6C53B9492A08E5C300F77D37 /* SceneDelegate.swift */; };
		6C53B94C2A08E5C300F77D37 /* MainTabController.swift in Sources */ = {isa = PBXBuildFile; fileRef = 6C53B94B2A08E5C300F77D37 /* MainTabController.swift */; };
		6C53B94F2A08E5C300F77D37 /* Main.storyboard in Resources */ = {isa = PBXBuildFile; fileRef = 6C53B94D2A08E5C300F77D37 /* Main.storyboard */; };
		6C53B9512A08E5C500F77D37 /* Assets.xcassets in Resources */ = {isa = PBXBuildFile; fileRef = 6C53B9502A08E5C500F77D37 /* Assets.xcassets */; };
		6C53B9542A08E5C500F77D37 /* LaunchScreen.storyboard in Resources */ = {isa = PBXBuildFile; fileRef = 6C53B9522A08E5C500F77D37 /* LaunchScreen.storyboard */; };
		6C53B9622A08E7C800F77D37 /* Character.swift in Sources */ = {isa = PBXBuildFile; fileRef = 6C53B9612A08E7C800F77D37 /* Character.swift */; };
		6C53B9642A08E7D300F77D37 /* Potion.swift in Sources */ = {isa = PBXBuildFile; fileRef = 6C53B9632A08E7D300F77D37 /* Potion.swift */; };
		6C53B9662A08E87100F77D37 /* Spell.swift in Sources */ = {isa = PBXBuildFile; fileRef = 6C53B9652A08E87100F77D37 /* Spell.swift */; };
		6C53B9692A08E92F00F77D37 /* CharacterViewController.swift in Sources */ = {isa = PBXBuildFile; fileRef = 6C53B9682A08E92F00F77D37 /* CharacterViewController.swift */; };
		6C53B96F2A08E97300F77D37 /* SettingsViewController.swift in Sources */ = {isa = PBXBuildFile; fileRef = 6C53B96E2A08E97300F77D37 /* SettingsViewController.swift */; };
		6C53B9722A08F00300F77D37 /* Service.swift in Sources */ = {isa = PBXBuildFile; fileRef = 6C53B9712A08F00300F77D37 /* Service.swift */; };
		6C53B9742A08F00D00F77D37 /* Request.swift in Sources */ = {isa = PBXBuildFile; fileRef = 6C53B9732A08F00D00F77D37 /* Request.swift */; };
		6CC1886B2A0CAEAB00104B18 /* GetAPIResponse.swift in Sources */ = {isa = PBXBuildFile; fileRef = 6CC1886A2A0CAEAB00104B18 /* GetAPIResponse.swift */; };
		6CC1886D2A0CBA2600104B18 /* CharViewViewModel.swift in Sources */ = {isa = PBXBuildFile; fileRef = 6CC1886C2A0CBA2600104B18 /* CharViewViewModel.swift */; };
		6CC188722A0CD6B300104B18 /* CharCollectionViewCell.swift in Sources */ = {isa = PBXBuildFile; fileRef = 6CC188712A0CD6B300104B18 /* CharCollectionViewCell.swift */; };
		6CC188742A10CF8400104B18 /* CharCollectionCellViewViewModel.swift in Sources */ = {isa = PBXBuildFile; fileRef = 6CC188732A10CF8400104B18 /* CharCollectionCellViewViewModel.swift */; };
		6CC188762A10E87900104B18 /* extensions.swift in Sources */ = {isa = PBXBuildFile; fileRef = 6CC188752A10E87900104B18 /* extensions.swift */; };
		6CC188792A11F7D900104B18 /* CharDetailViewController.swift in Sources */ = {isa = PBXBuildFile; fileRef = 6CC188782A11F7D900104B18 /* CharDetailViewController.swift */; };
		6CC1887B2A12087200104B18 /* CharDetailViewViewModel.swift in Sources */ = {isa = PBXBuildFile; fileRef = 6CC1887A2A12087200104B18 /* CharDetailViewViewModel.swift */; };
		6CC1887E2A123EA000104B18 /* FooterLoadCollectionReusableView.swift in Sources */ = {isa = PBXBuildFile; fileRef = 6CC1887C2A123EA000104B18 /* FooterLoadCollectionReusableView.swift */; };
/* End PBXBuildFile section */

/* Begin PBXFileReference section */
		6C53B9442A08E5C300F77D37 /* CharAPI.app */ = {isa = PBXFileReference; explicitFileType = wrapper.application; includeInIndex = 0; path = CharAPI.app; sourceTree = BUILT_PRODUCTS_DIR; };
		6C53B9472A08E5C300F77D37 /* AppDelegate.swift */ = {isa = PBXFileReference; lastKnownFileType = sourcecode.swift; path = AppDelegate.swift; sourceTree = "<group>"; };
		6C53B9492A08E5C300F77D37 /* SceneDelegate.swift */ = {isa = PBXFileReference; lastKnownFileType = sourcecode.swift; path = SceneDelegate.swift; sourceTree = "<group>"; };
		6C53B94B2A08E5C300F77D37 /* MainTabController.swift */ = {isa = PBXFileReference; lastKnownFileType = sourcecode.swift; path = MainTabController.swift; sourceTree = "<group>"; };
		6C53B94E2A08E5C300F77D37 /* Base */ = {isa = PBXFileReference; lastKnownFileType = file.storyboard; name = Base; path = Base.lproj/Main.storyboard; sourceTree = "<group>"; };
		6C53B9502A08E5C500F77D37 /* Assets.xcassets */ = {isa = PBXFileReference; lastKnownFileType = folder.assetcatalog; path = Assets.xcassets; sourceTree = "<group>"; };
		6C53B9532A08E5C500F77D37 /* Base */ = {isa = PBXFileReference; lastKnownFileType = file.storyboard; name = Base; path = Base.lproj/LaunchScreen.storyboard; sourceTree = "<group>"; };
		6C53B9552A08E5C500F77D37 /* Info.plist */ = {isa = PBXFileReference; lastKnownFileType = text.plist.xml; path = Info.plist; sourceTree = "<group>"; };
		6C53B9612A08E7C800F77D37 /* Character.swift */ = {isa = PBXFileReference; lastKnownFileType = sourcecode.swift; path = Character.swift; sourceTree = "<group>"; };
		6C53B9632A08E7D300F77D37 /* Potion.swift */ = {isa = PBXFileReference; lastKnownFileType = sourcecode.swift; path = Potion.swift; sourceTree = "<group>"; };
		6C53B9652A08E87100F77D37 /* Spell.swift */ = {isa = PBXFileReference; lastKnownFileType = sourcecode.swift; path = Spell.swift; sourceTree = "<group>"; };
		6C53B9682A08E92F00F77D37 /* CharacterViewController.swift */ = {isa = PBXFileReference; lastKnownFileType = sourcecode.swift; path = CharacterViewController.swift; sourceTree = "<group>"; };
		6C53B96E2A08E97300F77D37 /* SettingsViewController.swift */ = {isa = PBXFileReference; lastKnownFileType = sourcecode.swift; path = SettingsViewController.swift; sourceTree = "<group>"; };
		6C53B9712A08F00300F77D37 /* Service.swift */ = {isa = PBXFileReference; lastKnownFileType = sourcecode.swift; path = Service.swift; sourceTree = "<group>"; };
		6C53B9732A08F00D00F77D37 /* Request.swift */ = {isa = PBXFileReference; lastKnownFileType = sourcecode.swift; path = Request.swift; sourceTree = "<group>"; };
		6CC1886A2A0CAEAB00104B18 /* GetAPIResponse.swift */ = {isa = PBXFileReference; lastKnownFileType = sourcecode.swift; path = GetAPIResponse.swift; sourceTree = "<group>"; };
		6CC1886C2A0CBA2600104B18 /* CharViewViewModel.swift */ = {isa = PBXFileReference; lastKnownFileType = sourcecode.swift; path = CharViewViewModel.swift; sourceTree = "<group>"; };
		6CC188712A0CD6B300104B18 /* CharCollectionViewCell.swift */ = {isa = PBXFileReference; lastKnownFileType = sourcecode.swift; path = CharCollectionViewCell.swift; sourceTree = "<group>"; };
		6CC188732A10CF8400104B18 /* CharCollectionCellViewViewModel.swift */ = {isa = PBXFileReference; lastKnownFileType = sourcecode.swift; path = CharCollectionCellViewViewModel.swift; sourceTree = "<group>"; };
		6CC188752A10E87900104B18 /* extensions.swift */ = {isa = PBXFileReference; lastKnownFileType = sourcecode.swift; path = extensions.swift; sourceTree = "<group>"; };
		6CC188782A11F7D900104B18 /* CharDetailViewController.swift */ = {isa = PBXFileReference; lastKnownFileType = sourcecode.swift; path = CharDetailViewController.swift; sourceTree = "<group>"; };
		6CC1887A2A12087200104B18 /* CharDetailViewViewModel.swift */ = {isa = PBXFileReference; lastKnownFileType = sourcecode.swift; path = CharDetailViewViewModel.swift; sourceTree = "<group>"; };
		6CC1887C2A123EA000104B18 /* FooterLoadCollectionReusableView.swift */ = {isa = PBXFileReference; lastKnownFileType = sourcecode.swift; path = FooterLoadCollectionReusableView.swift; sourceTree = "<group>"; };
/* End PBXFileReference section */

/* Begin PBXFrameworksBuildPhase section */
		6C53B9412A08E5C300F77D37 /* Frameworks */ = {
			isa = PBXFrameworksBuildPhase;
			buildActionMask = 2147483647;
			files = (
			);
			runOnlyForDeploymentPostprocessing = 0;
		};
/* End PBXFrameworksBuildPhase section */

/* Begin PBXGroup section */
		6C53B93B2A08E5C300F77D37 = {
			isa = PBXGroup;
			children = (
				6C53B9462A08E5C300F77D37 /* CharAPI */,
				6C53B9452A08E5C300F77D37 /* Products */,
			);
			sourceTree = "<group>";
		};
		6C53B9452A08E5C300F77D37 /* Products */ = {
			isa = PBXGroup;
			children = (
				6C53B9442A08E5C300F77D37 /* CharAPI.app */,
			);
			name = Products;
			sourceTree = "<group>";
		};
		6C53B9462A08E5C300F77D37 /* CharAPI */ = {
			isa = PBXGroup;
			children = (
				6C53B95B2A08E66A00F77D37 /* Resources */,
				6C53B95F2A08E69700F77D37 /* Managers */,
				6C53B95E2A08E68C00F77D37 /* Models */,
				6C53B95D2A08E67800F77D37 /* ViewModels */,
				6C53B95C2A08E67100F77D37 /* Views */,
				6C53B9602A08E6C600F77D37 /* Controllers */,
				6C53B9552A08E5C500F77D37 /* Info.plist */,
			);
			path = CharAPI;
			sourceTree = "<group>";
		};
		6C53B95B2A08E66A00F77D37 /* Resources */ = {
			isa = PBXGroup;
			children = (
				6C53B9472A08E5C300F77D37 /* AppDelegate.swift */,
				6C53B9492A08E5C300F77D37 /* SceneDelegate.swift */,
				6C53B9502A08E5C500F77D37 /* Assets.xcassets */,
				6C53B94D2A08E5C300F77D37 /* Main.storyboard */,
				6C53B9522A08E5C500F77D37 /* LaunchScreen.storyboard */,
				6CC188752A10E87900104B18 /* extensions.swift */,
			);
			path = Resources;
			sourceTree = "<group>";
		};
		6C53B95C2A08E67100F77D37 /* Views */ = {
			isa = PBXGroup;
			children = (
				6CC188702A0CD67600104B18 /* CollectionView */,
			);
			path = Views;
			sourceTree = "<group>";
		};
		6C53B95D2A08E67800F77D37 /* ViewModels */ = {
			isa = PBXGroup;
			children = (
				6CC1886C2A0CBA2600104B18 /* CharViewViewModel.swift */,
				6CC188732A10CF8400104B18 /* CharCollectionCellViewViewModel.swift */,
				6CC1887A2A12087200104B18 /* CharDetailViewViewModel.swift */,
			);
			path = ViewModels;
			sourceTree = "<group>";
		};
		6C53B95E2A08E68C00F77D37 /* Models */ = {
			isa = PBXGroup;
			children = (
				6CC188692A0CAD5E00104B18 /* APIResponseTypes */,
				6CC188682A0CAD5200104B18 /* DataTypes */,
			);
			path = Models;
			sourceTree = "<group>";
		};
		6C53B95F2A08E69700F77D37 /* Managers */ = {
			isa = PBXGroup;
			children = (
				6C53B9702A08EFEE00F77D37 /* APIClient */,
			);
			path = Managers;
			sourceTree = "<group>";
		};
		6C53B9602A08E6C600F77D37 /* Controllers */ = {
			isa = PBXGroup;
			children = (
				6CC188772A11F77500104B18 /* Other */,
				6C53B9672A08E91B00F77D37 /* Tabs */,
			);
			path = Controllers;
			sourceTree = "<group>";
		};
		6C53B9672A08E91B00F77D37 /* Tabs */ = {
			isa = PBXGroup;
			children = (
				6C53B94B2A08E5C300F77D37 /* MainTabController.swift */,
				6C53B9682A08E92F00F77D37 /* CharacterViewController.swift */,
				6C53B96E2A08E97300F77D37 /* SettingsViewController.swift */,
			);
			path = Tabs;
			sourceTree = "<group>";
		};
		6C53B9702A08EFEE00F77D37 /* APIClient */ = {
			isa = PBXGroup;
			children = (
				6C53B9712A08F00300F77D37 /* Service.swift */,
				6C53B9732A08F00D00F77D37 /* Request.swift */,
			);
			path = APIClient;
			sourceTree = "<group>";
		};
		6CC188682A0CAD5200104B18 /* DataTypes */ = {
			isa = PBXGroup;
			children = (
				6C53B9612A08E7C800F77D37 /* Character.swift */,
				6C53B9632A08E7D300F77D37 /* Potion.swift */,
				6C53B9652A08E87100F77D37 /* Spell.swift */,
			);
			path = DataTypes;
			sourceTree = "<group>";
		};
		6CC188692A0CAD5E00104B18 /* APIResponseTypes */ = {
			isa = PBXGroup;
			children = (
				6CC1886A2A0CAEAB00104B18 /* GetAPIResponse.swift */,
			);
			path = APIResponseTypes;
			sourceTree = "<group>";
		};
		6CC188702A0CD67600104B18 /* CollectionView */ = {
			isa = PBXGroup;
			children = (
				6CC188712A0CD6B300104B18 /* CharCollectionViewCell.swift */,
				6CC1887C2A123EA000104B18 /* FooterLoadCollectionReusableView.swift */,
			);
			path = CollectionView;
			sourceTree = "<group>";
		};
		6CC188772A11F77500104B18 /* Other */ = {
			isa = PBXGroup;
			children = (
				6CC188782A11F7D900104B18 /* CharDetailViewController.swift */,
			);
			path = Other;
			sourceTree = "<group>";
		};
/* End PBXGroup section */

/* Begin PBXNativeTarget section */
		6C53B9432A08E5C300F77D37 /* CharAPI */ = {
			isa = PBXNativeTarget;
			buildConfigurationList = 6C53B9582A08E5C500F77D37 /* Build configuration list for PBXNativeTarget "CharAPI" */;
			buildPhases = (
				6C53B9402A08E5C300F77D37 /* Sources */,
				6C53B9412A08E5C300F77D37 /* Frameworks */,
				6C53B9422A08E5C300F77D37 /* Resources */,
			);
			buildRules = (
			);
			dependencies = (
			);
			name = CharAPI;
			productName = CharAPI;
			productReference = 6C53B9442A08E5C300F77D37 /* CharAPI.app */;
			productType = "com.apple.product-type.application";
		};
/* End PBXNativeTarget section */

/* Begin PBXProject section */
		6C53B93C2A08E5C300F77D37 /* Project object */ = {
			isa = PBXProject;
			attributes = {
				BuildIndependentTargetsInParallel = 1;
				LastSwiftUpdateCheck = 1430;
				LastUpgradeCheck = 1430;
				TargetAttributes = {
					6C53B9432A08E5C300F77D37 = {
						CreatedOnToolsVersion = 14.3;
					};
				};
			};
			buildConfigurationList = 6C53B93F2A08E5C300F77D37 /* Build configuration list for PBXProject "CharAPI" */;
			compatibilityVersion = "Xcode 14.0";
			developmentRegion = en;
			hasScannedForEncodings = 0;
			knownRegions = (
				en,
				Base,
			);
			mainGroup = 6C53B93B2A08E5C300F77D37;
			productRefGroup = 6C53B9452A08E5C300F77D37 /* Products */;
			projectDirPath = "";
			projectRoot = "";
			targets = (
				6C53B9432A08E5C300F77D37 /* CharAPI */,
			);
		};
/* End PBXProject section */

/* Begin PBXResourcesBuildPhase section */
		6C53B9422A08E5C300F77D37 /* Resources */ = {
			isa = PBXResourcesBuildPhase;
			buildActionMask = 2147483647;
			files = (
				6C53B9542A08E5C500F77D37 /* LaunchScreen.storyboard in Resources */,
				6C53B9512A08E5C500F77D37 /* Assets.xcassets in Resources */,
				6C53B94F2A08E5C300F77D37 /* Main.storyboard in Resources */,
			);
			runOnlyForDeploymentPostprocessing = 0;
		};
/* End PBXResourcesBuildPhase section */

/* Begin PBXSourcesBuildPhase section */
		6C53B9402A08E5C300F77D37 /* Sources */ = {
			isa = PBXSourcesBuildPhase;
			buildActionMask = 2147483647;
			files = (
				6C53B94C2A08E5C300F77D37 /* MainTabController.swift in Sources */,
				6CC1886B2A0CAEAB00104B18 /* GetAPIResponse.swift in Sources */,
				6C53B9742A08F00D00F77D37 /* Request.swift in Sources */,
				6CC1886D2A0CBA2600104B18 /* CharViewViewModel.swift in Sources */,
				6C53B9482A08E5C300F77D37 /* AppDelegate.swift in Sources */,
				6CC188762A10E87900104B18 /* extensions.swift in Sources */,
				6C53B9692A08E92F00F77D37 /* CharacterViewController.swift in Sources */,
				6CC1887B2A12087200104B18 /* CharDetailViewViewModel.swift in Sources */,
				6CC1887E2A123EA000104B18 /* FooterLoadCollectionReusableView.swift in Sources */,
				6C53B96F2A08E97300F77D37 /* SettingsViewController.swift in Sources */,
				6C53B9642A08E7D300F77D37 /* Potion.swift in Sources */,
				6CC188792A11F7D900104B18 /* CharDetailViewController.swift in Sources */,
				6CC188722A0CD6B300104B18 /* CharCollectionViewCell.swift in Sources */,
				6C53B94A2A08E5C300F77D37 /* SceneDelegate.swift in Sources */,
				6C53B9722A08F00300F77D37 /* Service.swift in Sources */,
				6CC188742A10CF8400104B18 /* CharCollectionCellViewViewModel.swift in Sources */,
				6C53B9622A08E7C800F77D37 /* Character.swift in Sources */,
				6C53B9662A08E87100F77D37 /* Spell.swift in Sources */,
			);
			runOnlyForDeploymentPostprocessing = 0;
		};
/* End PBXSourcesBuildPhase section */

/* Begin PBXVariantGroup section */
		6C53B94D2A08E5C300F77D37 /* Main.storyboard */ = {
			isa = PBXVariantGroup;
			children = (
				6C53B94E2A08E5C300F77D37 /* Base */,
			);
			name = Main.storyboard;
			sourceTree = "<group>";
		};
		6C53B9522A08E5C500F77D37 /* LaunchScreen.storyboard */ = {
			isa = PBXVariantGroup;
			children = (
				6C53B9532A08E5C500F77D37 /* Base */,
			);
			name = LaunchScreen.storyboard;
			sourceTree = "<group>";
		};
/* End PBXVariantGroup section */

/* Begin XCBuildConfiguration section */
		6C53B9562A08E5C500F77D37 /* Debug */ = {
			isa = XCBuildConfiguration;
			buildSettings = {
				ALWAYS_SEARCH_USER_PATHS = NO;
				CLANG_ANALYZER_NONNULL = YES;
				CLANG_ANALYZER_NUMBER_OBJECT_CONVERSION = YES_AGGRESSIVE;
				CLANG_CXX_LANGUAGE_STANDARD = "gnu++20";
				CLANG_ENABLE_MODULES = YES;
				CLANG_ENABLE_OBJC_ARC = YES;
				CLANG_ENABLE_OBJC_WEAK = YES;
				CLANG_WARN_BLOCK_CAPTURE_AUTORELEASING = YES;
				CLANG_WARN_BOOL_CONVERSION = YES;
				CLANG_WARN_COMMA = YES;
				CLANG_WARN_CONSTANT_CONVERSION = YES;
				CLANG_WARN_DEPRECATED_OBJC_IMPLEMENTATIONS = YES;
				CLANG_WARN_DIRECT_OBJC_ISA_USAGE = YES_ERROR;
				CLANG_WARN_DOCUMENTATION_COMMENTS = YES;
				CLANG_WARN_EMPTY_BODY = YES;
				CLANG_WARN_ENUM_CONVERSION = YES;
				CLANG_WARN_INFINITE_RECURSION = YES;
				CLANG_WARN_INT_CONVERSION = YES;
				CLANG_WARN_NON_LITERAL_NULL_CONVERSION = YES;
				CLANG_WARN_OBJC_IMPLICIT_RETAIN_SELF = YES;
				CLANG_WARN_OBJC_LITERAL_CONVERSION = YES;
				CLANG_WARN_OBJC_ROOT_CLASS = YES_ERROR;
				CLANG_WARN_QUOTED_INCLUDE_IN_FRAMEWORK_HEADER = YES;
				CLANG_WARN_RANGE_LOOP_ANALYSIS = YES;
				CLANG_WARN_STRICT_PROTOTYPES = YES;
				CLANG_WARN_SUSPICIOUS_MOVE = YES;
				CLANG_WARN_UNGUARDED_AVAILABILITY = YES_AGGRESSIVE;
				CLANG_WARN_UNREACHABLE_CODE = YES;
				CLANG_WARN__DUPLICATE_METHOD_MATCH = YES;
				COPY_PHASE_STRIP = NO;
				DEBUG_INFORMATION_FORMAT = dwarf;
				ENABLE_STRICT_OBJC_MSGSEND = YES;
				ENABLE_TESTABILITY = YES;
				GCC_C_LANGUAGE_STANDARD = gnu11;
				GCC_DYNAMIC_NO_PIC = NO;
				GCC_NO_COMMON_BLOCKS = YES;
				GCC_OPTIMIZATION_LEVEL = 0;
				GCC_PREPROCESSOR_DEFINITIONS = (
					"DEBUG=1",
					"$(inherited)",
				);
				GCC_WARN_64_TO_32_BIT_CONVERSION = YES;
				GCC_WARN_ABOUT_RETURN_TYPE = YES_ERROR;
				GCC_WARN_UNDECLARED_SELECTOR = YES;
				GCC_WARN_UNINITIALIZED_AUTOS = YES_AGGRESSIVE;
				GCC_WARN_UNUSED_FUNCTION = YES;
				GCC_WARN_UNUSED_VARIABLE = YES;
				IPHONEOS_DEPLOYMENT_TARGET = 16.4;
				MTL_ENABLE_DEBUG_INFO = INCLUDE_SOURCE;
				MTL_FAST_MATH = YES;
				ONLY_ACTIVE_ARCH = YES;
				SDKROOT = iphoneos;
				SWIFT_ACTIVE_COMPILATION_CONDITIONS = DEBUG;
				SWIFT_OPTIMIZATION_LEVEL = "-Onone";
			};
			name = Debug;
		};
		6C53B9572A08E5C500F77D37 /* Release */ = {
			isa = XCBuildConfiguration;
			buildSettings = {
				ALWAYS_SEARCH_USER_PATHS = NO;
				CLANG_ANALYZER_NONNULL = YES;
				CLANG_ANALYZER_NUMBER_OBJECT_CONVERSION = YES_AGGRESSIVE;
				CLANG_CXX_LANGUAGE_STANDARD = "gnu++20";
				CLANG_ENABLE_MODULES = YES;
				CLANG_ENABLE_OBJC_ARC = YES;
				CLANG_ENABLE_OBJC_WEAK = YES;
				CLANG_WARN_BLOCK_CAPTURE_AUTORELEASING = YES;
				CLANG_WARN_BOOL_CONVERSION = YES;
				CLANG_WARN_COMMA = YES;
				CLANG_WARN_CONSTANT_CONVERSION = YES;
				CLANG_WARN_DEPRECATED_OBJC_IMPLEMENTATIONS = YES;
				CLANG_WARN_DIRECT_OBJC_ISA_USAGE = YES_ERROR;
				CLANG_WARN_DOCUMENTATION_COMMENTS = YES;
				CLANG_WARN_EMPTY_BODY = YES;
				CLANG_WARN_ENUM_CONVERSION = YES;
				CLANG_WARN_INFINITE_RECURSION = YES;
				CLANG_WARN_INT_CONVERSION = YES;
				CLANG_WARN_NON_LITERAL_NULL_CONVERSION = YES;
				CLANG_WARN_OBJC_IMPLICIT_RETAIN_SELF = YES;
				CLANG_WARN_OBJC_LITERAL_CONVERSION = YES;
				CLANG_WARN_OBJC_ROOT_CLASS = YES_ERROR;
				CLANG_WARN_QUOTED_INCLUDE_IN_FRAMEWORK_HEADER = YES;
				CLANG_WARN_RANGE_LOOP_ANALYSIS = YES;
				CLANG_WARN_STRICT_PROTOTYPES = YES;
				CLANG_WARN_SUSPICIOUS_MOVE = YES;
				CLANG_WARN_UNGUARDED_AVAILABILITY = YES_AGGRESSIVE;
				CLANG_WARN_UNREACHABLE_CODE = YES;
				CLANG_WARN__DUPLICATE_METHOD_MATCH = YES;
				COPY_PHASE_STRIP = NO;
				DEBUG_INFORMATION_FORMAT = "dwarf-with-dsym";
				ENABLE_NS_ASSERTIONS = NO;
				ENABLE_STRICT_OBJC_MSGSEND = YES;
				GCC_C_LANGUAGE_STANDARD = gnu11;
				GCC_NO_COMMON_BLOCKS = YES;
				GCC_WARN_64_TO_32_BIT_CONVERSION = YES;
				GCC_WARN_ABOUT_RETURN_TYPE = YES_ERROR;
				GCC_WARN_UNDECLARED_SELECTOR = YES;
				GCC_WARN_UNINITIALIZED_AUTOS = YES_AGGRESSIVE;
				GCC_WARN_UNUSED_FUNCTION = YES;
				GCC_WARN_UNUSED_VARIABLE = YES;
				IPHONEOS_DEPLOYMENT_TARGET = 16.4;
				MTL_ENABLE_DEBUG_INFO = NO;
				MTL_FAST_MATH = YES;
				SDKROOT = iphoneos;
				SWIFT_COMPILATION_MODE = wholemodule;
				SWIFT_OPTIMIZATION_LEVEL = "-O";
				VALIDATE_PRODUCT = YES;
			};
			name = Release;
		};
		6C53B9592A08E5C500F77D37 /* Debug */ = {
			isa = XCBuildConfiguration;
			buildSettings = {
				ASSETCATALOG_COMPILER_APPICON_NAME = AppIcon;
				ASSETCATALOG_COMPILER_GLOBAL_ACCENT_COLOR_NAME = AccentColor;
				CODE_SIGN_STYLE = Automatic;
				CURRENT_PROJECT_VERSION = 1;
				DEVELOPMENT_TEAM = S9R6HFZ747;
				GENERATE_INFOPLIST_FILE = YES;
				INFOPLIST_FILE = CharAPI/Info.plist;
				INFOPLIST_KEY_UIApplicationSupportsIndirectInputEvents = YES;
				INFOPLIST_KEY_UILaunchStoryboardName = LaunchScreen;
				INFOPLIST_KEY_UIMainStoryboardFile = Main;
				INFOPLIST_KEY_UISupportedInterfaceOrientations_iPad = "UIInterfaceOrientationPortrait UIInterfaceOrientationPortraitUpsideDown UIInterfaceOrientationLandscapeLeft UIInterfaceOrientationLandscapeRight";
				INFOPLIST_KEY_UISupportedInterfaceOrientations_iPhone = "UIInterfaceOrientationPortrait UIInterfaceOrientationLandscapeLeft UIInterfaceOrientationLandscapeRight";
				LD_RUNPATH_SEARCH_PATHS = (
					"$(inherited)",
					"@executable_path/Frameworks",
				);
				MARKETING_VERSION = 1.0;
				PRODUCT_BUNDLE_IDENTIFIER = com.jobie.CharAPI;
				PRODUCT_NAME = "$(TARGET_NAME)";
				SWIFT_EMIT_LOC_STRINGS = YES;
				SWIFT_VERSION = 5.0;
				TARGETED_DEVICE_FAMILY = "1,2";
			};
			name = Debug;
		};
		6C53B95A2A08E5C500F77D37 /* Release */ = {
			isa = XCBuildConfiguration;
			buildSettings = {
				ASSETCATALOG_COMPILER_APPICON_NAME = AppIcon;
				ASSETCATALOG_COMPILER_GLOBAL_ACCENT_COLOR_NAME = AccentColor;
				CODE_SIGN_STYLE = Automatic;
				CURRENT_PROJECT_VERSION = 1;
				DEVELOPMENT_TEAM = S9R6HFZ747;
				GENERATE_INFOPLIST_FILE = YES;
				INFOPLIST_FILE = CharAPI/Info.plist;
				INFOPLIST_KEY_UIApplicationSupportsIndirectInputEvents = YES;
				INFOPLIST_KEY_UILaunchStoryboardName = LaunchScreen;
				INFOPLIST_KEY_UIMainStoryboardFile = Main;
				INFOPLIST_KEY_UISupportedInterfaceOrientations_iPad = "UIInterfaceOrientationPortrait UIInterfaceOrientationPortraitUpsideDown UIInterfaceOrientationLandscapeLeft UIInterfaceOrientationLandscapeRight";
				INFOPLIST_KEY_UISupportedInterfaceOrientations_iPhone = "UIInterfaceOrientationPortrait UIInterfaceOrientationLandscapeLeft UIInterfaceOrientationLandscapeRight";
				LD_RUNPATH_SEARCH_PATHS = (
					"$(inherited)",
					"@executable_path/Frameworks",
				);
				MARKETING_VERSION = 1.0;
				PRODUCT_BUNDLE_IDENTIFIER = com.jobie.CharAPI;
				PRODUCT_NAME = "$(TARGET_NAME)";
				SWIFT_EMIT_LOC_STRINGS = YES;
				SWIFT_VERSION = 5.0;
				TARGETED_DEVICE_FAMILY = "1,2";
			};
			name = Release;
		};
/* End XCBuildConfiguration section */

/* Begin XCConfigurationList section */
		6C53B93F2A08E5C300F77D37 /* Build configuration list for PBXProject "CharAPI" */ = {
			isa = XCConfigurationList;
			buildConfigurations = (
				6C53B9562A08E5C500F77D37 /* Debug */,
				6C53B9572A08E5C500F77D37 /* Release */,
			);
			defaultConfigurationIsVisible = 0;
			defaultConfigurationName = Release;
		};
		6C53B9582A08E5C500F77D37 /* Build configuration list for PBXNativeTarget "CharAPI" */ = {
			isa = XCConfigurationList;
			buildConfigurations = (
				6C53B9592A08E5C500F77D37 /* Debug */,
				6C53B95A2A08E5C500F77D37 /* Release */,
			);
			defaultConfigurationIsVisible = 0;
			defaultConfigurationName = Release;
		};
/* End XCConfigurationList section */
	};
	rootObject = 6C53B93C2A08E5C300F77D37 /* Project object */;
}
